# THIS IS AN AUTOGENERATED FILE. DO NOT EDIT THIS FILE DIRECTLY.
# yarn lockfile v1


"@types/jquery.validation@1.16.0":
  version "1.16.0"
  resolved "https://registry.yarnpkg.com/@types/jquery.validation/-/jquery.validation-1.16.0.tgz#172d3803299c523ff024382b5f915ba474aeeccb"
  integrity sha1-Fy04AymcUj/wJDgrX5FbpHSu7Ms=
  dependencies:
    "@types/jquery" "*"

"@types/jquery@*":
  version "3.5.3"
  resolved "https://registry.yarnpkg.com/@types/jquery/-/jquery-3.5.3.tgz#adcc647e4c675bd9ebae7fb980e9ca75d58ee8c7"
  integrity sha512-IENpHTjGksr2wQS6ZO8eMIE0tIB22Ywg+n3/yAWCa56VSZ26phcwAbFdh9+VNUWk7e83qB27QLax3Rf4G92Y9A==
  dependencies:
    "@types/sizzle" "*"

"@types/sizzle@*":
  version "2.3.2"
  resolved "https://registry.yarnpkg.com/@types/sizzle/-/sizzle-2.3.2.tgz#a811b8c18e2babab7d542b3365887ae2e4d9de47"
  integrity sha512-7EJYyKTL7tFR8+gDbB6Wwz/arpGa0Mywk1TJbNzKzHtzbwVmY4HR9WqS5VV7dsBUKQmPNr192jHr/VpBluj/hg==

"Nestable2@https://github.com/RamonSmit/Nestable2#1.2.4":
  version "0.0.0"
  resolved "https://github.com/RamonSmit/Nestable2#a87939fcda46df8e665a991f3b5152aebb7a345e"

admin-lte@2.3.1:
  version "2.3.1"
  resolved "https://registry.yarnpkg.com/admin-lte/-/admin-lte-2.3.1.tgz#63365486de46673b093446e8cbcbd29748dbafe7"
  integrity sha1-YzZUht5GZzsJNEboy8vSl0jbr+c=

"async@>= 0.1.22":
  version "3.2.0"
  resolved "https://registry.yarnpkg.com/async/-/async-3.2.0.tgz#b3a2685c5ebb641d3de02d161002c60fc9f85720"
  integrity sha512-TR2mEZFVOj2pLStYxLht7TyfuRzaydfpxr3k9RpHIzMgw7A64dzsdqCxH1WJyQdoe8T10nDXd9wnEigmiuHIZw==

bootstrap-select@1.10.0:
  version "1.10.0"
  resolved "https://registry.yarnpkg.com/bootstrap-select/-/bootstrap-select-1.10.0.tgz#9499679e70004dbc00872522322d3b93a0f132e4"
  integrity sha1-lJlnnnAATbwAhyUiMi07k6DxMuQ=
  dependencies:
    jquery ">=1.8"

bootstrap@3.4.1, bootstrap@^3.3:
  version "3.4.1"
  resolved "https://registry.yarnpkg.com/bootstrap/-/bootstrap-3.4.1.tgz#c3a347d419e289ad11f4033e3c4132b87c081d72"
  integrity sha512-yN5oZVmRCwe5aKwzRj6736nSmKDX7pLYwsXiCj/EYmo16hODaBiT4En5btW/jhBF/seV+XMx3aYwukYC3A49DA==

"caret@https://github.com/accursoft/caret#1.3.3":
  version "0.0.0"
  resolved "https://github.com/accursoft/caret#e217b92b8bfa1657e191a53ee1ef5690f22bd7fa"

"cropper@https://github.com/fengyuanchen/cropper#2.3.4":
  version "2.3.4"
  resolved "https://github.com/fengyuanchen/cropper#30c58b29ee21010e17e58ebab165fbd84285c685"
  dependencies:
    jquery ">= 1.9.1"

"eonasdan-bootstrap-datetimepicker@https://github.com/Eonasdan/bootstrap-datetimepicker#4.17.37":
  version "4.17.37"
  resolved "https://github.com/Eonasdan/bootstrap-datetimepicker#fd8bd86dd78f789fb742798b7d49aba0a957af62"
  dependencies:
    bootstrap "^3.3"
    jquery ">=1.8.3 <2.2.0"
    moment "~2.8"
    moment-timezone "~0.4"

form@:
  version "0.2.4"
  resolved "https://registry.yarnpkg.com/form/-/form-0.2.4.tgz#69a0e9bf9003e7d6e4eee7f9d16239148a129a21"
  integrity sha1-aaDpv5AD59bk7uf50WI5FIoSmiE=
  dependencies:
    async ">= 0.1.22"
    validator ">= 0.4.9"

"intro.js@https://github.com/usablica/intro.js#1.1.1":
  version "1.1.1"
  resolved "https://github.com/usablica/intro.js#c7f9b6e83a9b36d477102922d0a6b441299e3951"

"jQuery-Tags-Input@https://github.com/xoxco/jQuery-Tags-Input":
  version "1.3.5"
  resolved "https://github.com/xoxco/jQuery-Tags-Input#ae31b175fbfd0a0476822182ef52e76c2629e9c3"

"jQuery-tagEditor@https://github.com/Pixabay/jQuery-tagEditor":
  version "0.0.0"
  resolved "https://github.com/Pixabay/jQuery-tagEditor#e843e1d921b301301f57f8f67a7ac1d3f0069de4"

"jquery-file-upload@https://github.com/hayageek/jquery-upload-file#72b8dc771673bca553334eef00839024e5972f20":
  version "4.0.5"
  resolved "https://github.com/hayageek/jquery-upload-file#72b8dc771673bca553334eef00839024e5972f20"
  dependencies:
    form ""
    jquery ">=1.6"

"jquery-form@https://github.com/jquery-form/form#3.51":
  version "3.51.0"
  resolved "https://github.com/jquery-form/form#6bf24a5f6d8be65f4e5491863180c09356d9dadd"
  dependencies:
    jquery ">=1.5"

"jquery-plugin@https://github.com/rmm5t/jquery-sieve#0.3.0":
  version "0.0.0-ignored"
  resolved "https://github.com/rmm5t/jquery-sieve#11430bbbf57cd5d778c5a95925912e61a9e5e395"

"jquery-ui@https://github.com/jquery/jquery-ui#1.11.4":
  version "1.11.4"
  resolved "https://github.com/jquery/jquery-ui#d6713024e16de90ea71dc0544ba34e1df01b4d8a"

"jquery-validation@https://github.com/jquery-validation/jquery-validation#1.15.0":
  version "1.15.0"
  resolved "https://github.com/jquery-validation/jquery-validation#1621cadc940900a4a7809fe29f2b568328be4340"

jquery@2.2.4:
  version "2.2.4"
  resolved "https://registry.yarnpkg.com/jquery/-/jquery-2.2.4.tgz#2c89d6889b5eac522a7eea32c14521559c6cbf02"
  integrity sha1-LInWiJterFIqfuoywUUhVZxsvwI=

"jquery@>= 1.9.1", jquery@>=1.5, jquery@>=1.6, jquery@>=1.8:
  version "3.5.1"
  resolved "https://registry.yarnpkg.com/jquery/-/jquery-3.5.1.tgz#d7b4d08e1bfdb86ad2f1a3d039ea17304717abb5"
  integrity sha512-XwIBPqcMn57FxfT+Go5pzySnm4KWkT1Tv7gjrpT1srtf8Weynl6R273VJ5GjkRb51IzMp5nbaPjJXMWeju2MKg==

"jquery@>=1.8.3 <2.2.0":
  version "2.1.4"
  resolved "https://registry.yarnpkg.com/jquery/-/jquery-2.1.4.tgz#228bde698a0c61431dc2630a6a154f15890d2317"
  integrity sha1-IoveaYoMYUMdwmMKahVPFYkNIxc=

"mjaalnir-bootstrap-colorpicker@https://github.com/itsjavi/bootstrap-colorpicker#1.0.0":
  version "1.0.0"
  resolved "https://github.com/itsjavi/bootstrap-colorpicker#0f4721ac4a128a2f76648c747d83f2455c41a179"

moment-timezone@~0.4:
  version "0.4.1"
  resolved "https://registry.yarnpkg.com/moment-timezone/-/moment-timezone-0.4.1.tgz#81f598c3ad5e22cdad796b67ecd8d88d0f5baa06"
  integrity sha1-gfWYw61eIs2teWtn7NjYjQ9bqgY=
  dependencies:
    moment ">= 2.6.0"

moment@2.11.2:
  version "2.11.2"
  resolved "https://registry.yarnpkg.com/moment/-/moment-2.11.2.tgz#87968e5f95ac038c2e42ac959c75819cd3f52901"
  integrity sha1-h5aOX5WsA4wuQqyVnHWBnNP1KQE=

"moment@>= 2.6.0":
  version "2.29.1"
  resolved "https://registry.yarnpkg.com/moment/-/moment-2.29.1.tgz#b2be769fa31940be9eeea6469c075e35006fa3d3"
  integrity sha512-kHmoybcPV8Sqy59DwNDY3Jefr64lK/by/da0ViFcuA4DH0vQg5Q6Ze5VimxkfQNSC+Mls/Kx53s7TjP1RhFEDQ==

moment@~2.8:
  version "2.8.4"
  resolved "https://registry.yarnpkg.com/moment/-/moment-2.8.4.tgz#cc174aabb19223efff5699a9467805a2789838bf"
  integrity sha1-zBdKq7GSI+//VpmpRngFoniYOL8=

tinymce@4.9.11:
  version "4.9.11"
  resolved "https://registry.yarnpkg.com/tinymce/-/tinymce-4.9.11.tgz#e3dae099722294c5b8d84ba7ef18dd126de6b582"
  integrity sha512-nkSLsax+VY5DBRjMFnHFqPwTnlLEGHCco82FwJF2JNH6W+5/ClvNC1P4uhD5lXPDNiDykSHR0XJdEh7w/ICHzA==

underscore@1.8.2:
  version "1.8.2"
  resolved "https://registry.yarnpkg.com/underscore/-/underscore-1.8.2.tgz#64df2eb590899de950782f3735190ba42ebf311d"
  integrity sha1-ZN8utZCJnelQeC83NRkLpC6/MR0=

"validator@>= 0.4.9":
  version "13.1.17"
  resolved "https://registry.yarnpkg.com/validator/-/validator-13.1.17.tgz#ad677736950adddd3c37209484a6b2e0966579ad"
  integrity sha512-zL5QBoemJ3jYFb2/j38y7ljhwYGXVLUp8H6W1nVxadnAOvUOytec+L7BHh1oBQ82/TzWXHd+GSaxUWp4lROkLg==
